// !$*UTF8*$!
{
	archiveVersion = 1;
	classes = {
	};
	objectVersion = 46;
	objects = {

/* Begin PBXBuildFile section */
		43053D381E824C8B00B00609 /* AppDelegate.swift in Sources */ = {isa = PBXBuildFile; fileRef = 43053D371E824C8B00B00609 /* AppDelegate.swift */; };
		43053D3A1E824C8B00B00609 /* ViewController.swift in Sources */ = {isa = PBXBuildFile; fileRef = 43053D391E824C8B00B00609 /* ViewController.swift */; };
		43053D3D1E824C8B00B00609 /* Main.storyboard in Resources */ = {isa = PBXBuildFile; fileRef = 43053D3B1E824C8B00B00609 /* Main.storyboard */; };
		43053D421E824C8B00B00609 /* Assets.xcassets in Resources */ = {isa = PBXBuildFile; fileRef = 43053D411E824C8B00B00609 /* Assets.xcassets */; };
		43053D501E824C8C00B00609 /* HappyGradingTests.swift in Sources */ = {isa = PBXBuildFile; fileRef = 43053D4F1E824C8C00B00609 /* HappyGradingTests.swift */; };
		43053D5B1E824C8C00B00609 /* HappyGradingUITests.swift in Sources */ = {isa = PBXBuildFile; fileRef = 43053D5A1E824C8C00B00609 /* HappyGradingUITests.swift */; };
		43053D6A1E824E1300B00609 /* HappyGrading.xcdatamodeld in Sources */ = {isa = PBXBuildFile; fileRef = 43053D681E824E1300B00609 /* HappyGrading.xcdatamodeld */; };
		43053D701E824F4600B00609 /* CourseManagementTableViewCell.swift in Sources */ = {isa = PBXBuildFile; fileRef = 43053D6D1E824F4600B00609 /* CourseManagementTableViewCell.swift */; };
		43053D711E824F4600B00609 /* CourseManagementTableViewController.swift in Sources */ = {isa = PBXBuildFile; fileRef = 43053D6E1E824F4600B00609 /* CourseManagementTableViewController.swift */; };
		43053D721E824F4600B00609 /* EditCourseInfoViewController.swift in Sources */ = {isa = PBXBuildFile; fileRef = 43053D6F1E824F4600B00609 /* EditCourseInfoViewController.swift */; };
		43053D761E824F6000B00609 /* ExamTableViewCell.swift in Sources */ = {isa = PBXBuildFile; fileRef = 43053D741E824F6000B00609 /* ExamTableViewCell.swift */; };
		43053D771E824F6000B00609 /* ExamTableViewController.swift in Sources */ = {isa = PBXBuildFile; fileRef = 43053D751E824F6000B00609 /* ExamTableViewController.swift */; };
		43053D791E824F6900B00609 /* AddNewCourseViewController.swift in Sources */ = {isa = PBXBuildFile; fileRef = 43053D781E824F6900B00609 /* AddNewCourseViewController.swift */; };
		43053D7C1E824F8300B00609 /* AlertForMissedRequiredField.swift in Sources */ = {isa = PBXBuildFile; fileRef = 43053D7A1E824F8300B00609 /* AlertForMissedRequiredField.swift */; };
		43053D7D1E824F8300B00609 /* DataAccess.swift in Sources */ = {isa = PBXBuildFile; fileRef = 43053D7B1E824F8300B00609 /* DataAccess.swift */; };
		43053D811E8250AA00B00609 /* LaunchScreen.xib in Resources */ = {isa = PBXBuildFile; fileRef = 43053D7F1E8250AA00B00609 /* LaunchScreen.xib */; };
		43053D831E82575300B00609 /* GoogleService-Info.plist in Resources */ = {isa = PBXBuildFile; fileRef = 43053D821E82575300B00609 /* GoogleService-Info.plist */; };
		43053DCC1E88BB1500B00609 /* AuthenticationViewController.swift in Sources */ = {isa = PBXBuildFile; fileRef = 43053DCB1E88BB1500B00609 /* AuthenticationViewController.swift */; };
		7CF2DCB3FAE1DE45A5406003 /* Pods_HappyGrading.framework in Frameworks */ = {isa = PBXBuildFile; fileRef = 1B6BEC4FBFA9A91C08B529D2 /* Pods_HappyGrading.framework */; };
/* End PBXBuildFile section */

/* Begin PBXContainerItemProxy section */
		43053D4C1E824C8C00B00609 /* PBXContainerItemProxy */ = {
			isa = PBXContainerItemProxy;
			containerPortal = 43053D2C1E824C8B00B00609 /* Project object */;
			proxyType = 1;
			remoteGlobalIDString = 43053D331E824C8B00B00609;
			remoteInfo = HappyGrading;
		};
		43053D571E824C8C00B00609 /* PBXContainerItemProxy */ = {
			isa = PBXContainerItemProxy;
			containerPortal = 43053D2C1E824C8B00B00609 /* Project object */;
			proxyType = 1;
			remoteGlobalIDString = 43053D331E824C8B00B00609;
			remoteInfo = HappyGrading;
		};
/* End PBXContainerItemProxy section */

/* Begin PBXFileReference section */
		1B6BEC4FBFA9A91C08B529D2 /* Pods_HappyGrading.framework */ = {isa = PBXFileReference; explicitFileType = wrapper.framework; includeInIndex = 0; path = Pods_HappyGrading.framework; sourceTree = BUILT_PRODUCTS_DIR; };
		361FC851B489DDEEF00FD5B1 /* Pods-HappyGrading.debug.xcconfig */ = {isa = PBXFileReference; includeInIndex = 1; lastKnownFileType = text.xcconfig; name = "Pods-HappyGrading.debug.xcconfig"; path = "HappyGrading/Pods/Target Support Files/Pods-HappyGrading/Pods-HappyGrading.debug.xcconfig"; sourceTree = "<group>"; };
		43053D341E824C8B00B00609 /* HappyGrading.app */ = {isa = PBXFileReference; explicitFileType = wrapper.application; includeInIndex = 0; path = HappyGrading.app; sourceTree = BUILT_PRODUCTS_DIR; };
		43053D371E824C8B00B00609 /* AppDelegate.swift */ = {isa = PBXFileReference; lastKnownFileType = sourcecode.swift; path = AppDelegate.swift; sourceTree = "<group>"; };
		43053D391E824C8B00B00609 /* ViewController.swift */ = {isa = PBXFileReference; lastKnownFileType = sourcecode.swift; path = ViewController.swift; sourceTree = "<group>"; };
		43053D3C1E824C8B00B00609 /* Base */ = {isa = PBXFileReference; lastKnownFileType = file.storyboard; name = Base; path = Base.lproj/Main.storyboard; sourceTree = "<group>"; };
		43053D411E824C8B00B00609 /* Assets.xcassets */ = {isa = PBXFileReference; lastKnownFileType = folder.assetcatalog; path = Assets.xcassets; sourceTree = "<group>"; };
		43053D461E824C8B00B00609 /* Info.plist */ = {isa = PBXFileReference; lastKnownFileType = text.plist.xml; path = Info.plist; sourceTree = "<group>"; };
		43053D4B1E824C8C00B00609 /* HappyGradingTests.xctest */ = {isa = PBXFileReference; explicitFileType = wrapper.cfbundle; includeInIndex = 0; path = HappyGradingTests.xctest; sourceTree = BUILT_PRODUCTS_DIR; };
		43053D4F1E824C8C00B00609 /* HappyGradingTests.swift */ = {isa = PBXFileReference; lastKnownFileType = sourcecode.swift; path = HappyGradingTests.swift; sourceTree = "<group>"; };
		43053D511E824C8C00B00609 /* Info.plist */ = {isa = PBXFileReference; lastKnownFileType = text.plist.xml; path = Info.plist; sourceTree = "<group>"; };
		43053D561E824C8C00B00609 /* HappyGradingUITests.xctest */ = {isa = PBXFileReference; explicitFileType = wrapper.cfbundle; includeInIndex = 0; path = HappyGradingUITests.xctest; sourceTree = BUILT_PRODUCTS_DIR; };
		43053D5A1E824C8C00B00609 /* HappyGradingUITests.swift */ = {isa = PBXFileReference; lastKnownFileType = sourcecode.swift; path = HappyGradingUITests.swift; sourceTree = "<group>"; };
		43053D5C1E824C8C00B00609 /* Info.plist */ = {isa = PBXFileReference; lastKnownFileType = text.plist.xml; path = Info.plist; sourceTree = "<group>"; };
		43053D691E824E1300B00609 /* model.xcdatamodel */ = {isa = PBXFileReference; lastKnownFileType = wrapper.xcdatamodel; path = model.xcdatamodel; sourceTree = "<group>"; };
		43053D6D1E824F4600B00609 /* CourseManagementTableViewCell.swift */ = {isa = PBXFileReference; fileEncoding = 4; lastKnownFileType = sourcecode.swift; path = CourseManagementTableViewCell.swift; sourceTree = "<group>"; };
		43053D6E1E824F4600B00609 /* CourseManagementTableViewController.swift */ = {isa = PBXFileReference; fileEncoding = 4; lastKnownFileType = sourcecode.swift; path = CourseManagementTableViewController.swift; sourceTree = "<group>"; };
		43053D6F1E824F4600B00609 /* EditCourseInfoViewController.swift */ = {isa = PBXFileReference; fileEncoding = 4; lastKnownFileType = sourcecode.swift; path = EditCourseInfoViewController.swift; sourceTree = "<group>"; };
		43053D741E824F6000B00609 /* ExamTableViewCell.swift */ = {isa = PBXFileReference; fileEncoding = 4; lastKnownFileType = sourcecode.swift; path = ExamTableViewCell.swift; sourceTree = "<group>"; };
		43053D751E824F6000B00609 /* ExamTableViewController.swift */ = {isa = PBXFileReference; fileEncoding = 4; lastKnownFileType = sourcecode.swift; path = ExamTableViewController.swift; sourceTree = "<group>"; };
		43053D781E824F6900B00609 /* AddNewCourseViewController.swift */ = {isa = PBXFileReference; fileEncoding = 4; lastKnownFileType = sourcecode.swift; path = AddNewCourseViewController.swift; sourceTree = "<group>"; };
		43053D7A1E824F8300B00609 /* AlertForMissedRequiredField.swift */ = {isa = PBXFileReference; fileEncoding = 4; lastKnownFileType = sourcecode.swift; path = AlertForMissedRequiredField.swift; sourceTree = "<group>"; };
		43053D7B1E824F8300B00609 /* DataAccess.swift */ = {isa = PBXFileReference; fileEncoding = 4; lastKnownFileType = sourcecode.swift; path = DataAccess.swift; sourceTree = "<group>"; };
		43053D801E8250AA00B00609 /* Base */ = {isa = PBXFileReference; lastKnownFileType = file.xib; name = Base; path = Base.lproj/LaunchScreen.xib; sourceTree = "<group>"; };
		43053D821E82575300B00609 /* GoogleService-Info.plist */ = {isa = PBXFileReference; fileEncoding = 4; lastKnownFileType = text.plist.xml; name = "GoogleService-Info.plist"; path = "../GoogleService-Info.plist"; sourceTree = "<group>"; };
		43053D841E826AEF00B00609 /* HappyGrading.entitlements */ = {isa = PBXFileReference; lastKnownFileType = text.plist.entitlements; path = HappyGrading.entitlements; sourceTree = "<group>"; };
		43053DCB1E88BB1500B00609 /* AuthenticationViewController.swift */ = {isa = PBXFileReference; fileEncoding = 4; lastKnownFileType = sourcecode.swift; path = AuthenticationViewController.swift; sourceTree = "<group>"; };
		6EDCE8C57D6896A5DA5F74AE /* Pods-HappyGrading.release.xcconfig */ = {isa = PBXFileReference; includeInIndex = 1; lastKnownFileType = text.xcconfig; name = "Pods-HappyGrading.release.xcconfig"; path = "HappyGrading/Pods/Target Support Files/Pods-HappyGrading/Pods-HappyGrading.release.xcconfig"; sourceTree = "<group>"; };
/* End PBXFileReference section */

/* Begin PBXFrameworksBuildPhase section */
		43053D311E824C8B00B00609 /* Frameworks */ = {
			isa = PBXFrameworksBuildPhase;
			buildActionMask = 2147483647;
			files = (
				7CF2DCB3FAE1DE45A5406003 /* Pods_HappyGrading.framework in Frameworks */,
			);
			runOnlyForDeploymentPostprocessing = 0;
		};
		43053D481E824C8C00B00609 /* Frameworks */ = {
			isa = PBXFrameworksBuildPhase;
			buildActionMask = 2147483647;
			files = (
			);
			runOnlyForDeploymentPostprocessing = 0;
		};
		43053D531E824C8C00B00609 /* Frameworks */ = {
			isa = PBXFrameworksBuildPhase;
			buildActionMask = 2147483647;
			files = (
			);
			runOnlyForDeploymentPostprocessing = 0;
		};
/* End PBXFrameworksBuildPhase section */

/* Begin PBXGroup section */
		011619F1B5B377CC39968329 /* Pods */ = {
			isa = PBXGroup;
			children = (
				361FC851B489DDEEF00FD5B1 /* Pods-HappyGrading.debug.xcconfig */,
				6EDCE8C57D6896A5DA5F74AE /* Pods-HappyGrading.release.xcconfig */,
			);
			name = Pods;
			sourceTree = "<group>";
		};
		43053D2B1E824C8B00B00609 = {
			isa = PBXGroup;
			children = (
				43053D361E824C8B00B00609 /* HappyGrading */,
				43053D4E1E824C8C00B00609 /* HappyGradingTests */,
				43053D591E824C8C00B00609 /* HappyGradingUITests */,
				43053D351E824C8B00B00609 /* Products */,
				011619F1B5B377CC39968329 /* Pods */,
				8D3EFF21267BEA7946C1F2D0 /* Frameworks */,
			);
			sourceTree = "<group>";
		};
		43053D351E824C8B00B00609 /* Products */ = {
			isa = PBXGroup;
			children = (
				43053D341E824C8B00B00609 /* HappyGrading.app */,
				43053D4B1E824C8C00B00609 /* HappyGradingTests.xctest */,
				43053D561E824C8C00B00609 /* HappyGradingUITests.xctest */,
			);
			name = Products;
			sourceTree = "<group>";
		};
		43053D361E824C8B00B00609 /* HappyGrading */ = {
			isa = PBXGroup;
			children = (
				43053D841E826AEF00B00609 /* HappyGrading.entitlements */,
				43053D7E1E824F8D00B00609 /* Main Process */,
				43053D731E824F4B00B00609 /* ExamManagement */,
				43053D6C1E824F2700B00609 /* Course Management */,
				43053D3B1E824C8B00B00609 /* Main.storyboard */,
				43053D411E824C8B00B00609 /* Assets.xcassets */,
				43053D7F1E8250AA00B00609 /* LaunchScreen.xib */,
				43053D6B1E824E2100B00609 /* Supporting Files */,
			);
			path = HappyGrading;
			sourceTree = "<group>";
		};
		43053D4E1E824C8C00B00609 /* HappyGradingTests */ = {
			isa = PBXGroup;
			children = (
				43053D4F1E824C8C00B00609 /* HappyGradingTests.swift */,
				43053D511E824C8C00B00609 /* Info.plist */,
			);
			path = HappyGradingTests;
			sourceTree = "<group>";
		};
		43053D591E824C8C00B00609 /* HappyGradingUITests */ = {
			isa = PBXGroup;
			children = (
				43053D5A1E824C8C00B00609 /* HappyGradingUITests.swift */,
				43053D5C1E824C8C00B00609 /* Info.plist */,
			);
			path = HappyGradingUITests;
			sourceTree = "<group>";
		};
		43053D6B1E824E2100B00609 /* Supporting Files */ = {
			isa = PBXGroup;
			children = (
				43053D7A1E824F8300B00609 /* AlertForMissedRequiredField.swift */,
				43053D7B1E824F8300B00609 /* DataAccess.swift */,
				43053D371E824C8B00B00609 /* AppDelegate.swift */,
				43053D681E824E1300B00609 /* HappyGrading.xcdatamodeld */,
				43053D461E824C8B00B00609 /* Info.plist */,
				43053D821E82575300B00609 /* GoogleService-Info.plist */,
			);
			name = "Supporting Files";
			sourceTree = "<group>";
		};
		43053D6C1E824F2700B00609 /* Course Management */ = {
			isa = PBXGroup;
			children = (
				43053D781E824F6900B00609 /* AddNewCourseViewController.swift */,
				43053D6D1E824F4600B00609 /* CourseManagementTableViewCell.swift */,
				43053D6E1E824F4600B00609 /* CourseManagementTableViewController.swift */,
				43053D6F1E824F4600B00609 /* EditCourseInfoViewController.swift */,
			);
			name = "Course Management";
			sourceTree = "<group>";
		};
		43053D731E824F4B00B00609 /* ExamManagement */ = {
			isa = PBXGroup;
			children = (
				43053D741E824F6000B00609 /* ExamTableViewCell.swift */,
				43053D751E824F6000B00609 /* ExamTableViewController.swift */,
			);
			name = ExamManagement;
			sourceTree = "<group>";
		};
		43053D7E1E824F8D00B00609 /* Main Process */ = {
			isa = PBXGroup;
			children = (
				43053D391E824C8B00B00609 /* ViewController.swift */,
				43053DCB1E88BB1500B00609 /* AuthenticationViewController.swift */,
			);
			name = "Main Process";
			sourceTree = "<group>";
		};
		8D3EFF21267BEA7946C1F2D0 /* Frameworks */ = {
			isa = PBXGroup;
			children = (
				1B6BEC4FBFA9A91C08B529D2 /* Pods_HappyGrading.framework */,
			);
			name = Frameworks;
			sourceTree = "<group>";
		};
/* End PBXGroup section */

/* Begin PBXNativeTarget section */
		43053D331E824C8B00B00609 /* HappyGrading */ = {
			isa = PBXNativeTarget;
			buildConfigurationList = 43053D5F1E824C8C00B00609 /* Build configuration list for PBXNativeTarget "HappyGrading" */;
			buildPhases = (
				5F03A24BFA714864E1A009BA /* [CP] Check Pods Manifest.lock */,
				43053D301E824C8B00B00609 /* Sources */,
				43053D311E824C8B00B00609 /* Frameworks */,
				43053D321E824C8B00B00609 /* Resources */,
				A47E7F6D9DC84B53EC3C8D7A /* [CP] Embed Pods Frameworks */,
				5ACB9EA9653307C205E5E741 /* [CP] Copy Pods Resources */,
			);
			buildRules = (
			);
			dependencies = (
			);
			name = HappyGrading;
			productName = HappyGrading;
			productReference = 43053D341E824C8B00B00609 /* HappyGrading.app */;
			productType = "com.apple.product-type.application";
		};
		43053D4A1E824C8C00B00609 /* HappyGradingTests */ = {
			isa = PBXNativeTarget;
			buildConfigurationList = 43053D621E824C8C00B00609 /* Build configuration list for PBXNativeTarget "HappyGradingTests" */;
			buildPhases = (
				43053D471E824C8C00B00609 /* Sources */,
				43053D481E824C8C00B00609 /* Frameworks */,
				43053D491E824C8C00B00609 /* Resources */,
			);
			buildRules = (
			);
			dependencies = (
				43053D4D1E824C8C00B00609 /* PBXTargetDependency */,
			);
			name = HappyGradingTests;
			productName = HappyGradingTests;
			productReference = 43053D4B1E824C8C00B00609 /* HappyGradingTests.xctest */;
			productType = "com.apple.product-type.bundle.unit-test";
		};
		43053D551E824C8C00B00609 /* HappyGradingUITests */ = {
			isa = PBXNativeTarget;
			buildConfigurationList = 43053D651E824C8C00B00609 /* Build configuration list for PBXNativeTarget "HappyGradingUITests" */;
			buildPhases = (
				43053D521E824C8C00B00609 /* Sources */,
				43053D531E824C8C00B00609 /* Frameworks */,
				43053D541E824C8C00B00609 /* Resources */,
			);
			buildRules = (
			);
			dependencies = (
				43053D581E824C8C00B00609 /* PBXTargetDependency */,
			);
			name = HappyGradingUITests;
			productName = HappyGradingUITests;
			productReference = 43053D561E824C8C00B00609 /* HappyGradingUITests.xctest */;
			productType = "com.apple.product-type.bundle.ui-testing";
		};
/* End PBXNativeTarget section */

/* Begin PBXProject section */
		43053D2C1E824C8B00B00609 /* Project object */ = {
			isa = PBXProject;
			attributes = {
				LastSwiftUpdateCheck = 0820;
				LastUpgradeCheck = 0820;
				ORGANIZATIONNAME = Swift;
				TargetAttributes = {
					43053D331E824C8B00B00609 = {
						CreatedOnToolsVersion = 8.2.1;
						DevelopmentTeam = K8L7MET4L6;
						ProvisioningStyle = Automatic;
						SystemCapabilities = {
							com.apple.Keychain = {
								enabled = 1;
							};
						};
					};
					43053D4A1E824C8C00B00609 = {
						CreatedOnToolsVersion = 8.2.1;
						DevelopmentTeam = K8L7MET4L6;
						ProvisioningStyle = Automatic;
						TestTargetID = 43053D331E824C8B00B00609;
					};
					43053D551E824C8C00B00609 = {
						CreatedOnToolsVersion = 8.2.1;
						DevelopmentTeam = K8L7MET4L6;
						ProvisioningStyle = Automatic;
						TestTargetID = 43053D331E824C8B00B00609;
					};
				};
			};
			buildConfigurationList = 43053D2F1E824C8B00B00609 /* Build configuration list for PBXProject "HappyGrading" */;
			compatibilityVersion = "Xcode 3.2";
			developmentRegion = English;
			hasScannedForEncodings = 0;
			knownRegions = (
				en,
				Base,
			);
			mainGroup = 43053D2B1E824C8B00B00609;
			productRefGroup = 43053D351E824C8B00B00609 /* Products */;
			projectDirPath = "";
			projectRoot = "";
			targets = (
				43053D331E824C8B00B00609 /* HappyGrading */,
				43053D4A1E824C8C00B00609 /* HappyGradingTests */,
				43053D551E824C8C00B00609 /* HappyGradingUITests */,
			);
		};
/* End PBXProject section */

/* Begin PBXResourcesBuildPhase section */
		43053D321E824C8B00B00609 /* Resources */ = {
			isa = PBXResourcesBuildPhase;
			buildActionMask = 2147483647;
			files = (
				43053D811E8250AA00B00609 /* LaunchScreen.xib in Resources */,
				43053D831E82575300B00609 /* GoogleService-Info.plist in Resources */,
				43053D421E824C8B00B00609 /* Assets.xcassets in Resources */,
				43053D3D1E824C8B00B00609 /* Main.storyboard in Resources */,
			);
			runOnlyForDeploymentPostprocessing = 0;
		};
		43053D491E824C8C00B00609 /* Resources */ = {
			isa = PBXResourcesBuildPhase;
			buildActionMask = 2147483647;
			files = (
			);
			runOnlyForDeploymentPostprocessing = 0;
		};
		43053D541E824C8C00B00609 /* Resources */ = {
			isa = PBXResourcesBuildPhase;
			buildActionMask = 2147483647;
			files = (
			);
			runOnlyForDeploymentPostprocessing = 0;
		};
/* End PBXResourcesBuildPhase section */

/* Begin PBXShellScriptBuildPhase section */
		5ACB9EA9653307C205E5E741 /* [CP] Copy Pods Resources */ = {
			isa = PBXShellScriptBuildPhase;
			buildActionMask = 2147483647;
			files = (
			);
			inputPaths = (
			);
			name = "[CP] Copy Pods Resources";
			outputPaths = (
			);
			runOnlyForDeploymentPostprocessing = 0;
			shellPath = /bin/sh;
			shellScript = "\"${SRCROOT}/HappyGrading/Pods/Target Support Files/Pods-HappyGrading/Pods-HappyGrading-resources.sh\"\n";
			showEnvVarsInLog = 0;
		};
		5F03A24BFA714864E1A009BA /* [CP] Check Pods Manifest.lock */ = {
			isa = PBXShellScriptBuildPhase;
			buildActionMask = 2147483647;
			files = (
			);
			inputPaths = (
			);
			name = "[CP] Check Pods Manifest.lock";
			outputPaths = (
			);
			runOnlyForDeploymentPostprocessing = 0;
			shellPath = /bin/sh;
			shellScript = "diff \"${PODS_ROOT}/../Podfile.lock\" \"${PODS_ROOT}/Manifest.lock\" > /dev/null\nif [ $? != 0 ] ; then\n    # print error to STDERR\n    echo \"error: The sandbox is not in sync with the Podfile.lock. Run 'pod install' or update your CocoaPods installation.\" >&2\n    exit 1\nfi\n";
			showEnvVarsInLog = 0;
		};
		A47E7F6D9DC84B53EC3C8D7A /* [CP] Embed Pods Frameworks */ = {
			isa = PBXShellScriptBuildPhase;
			buildActionMask = 2147483647;
			files = (
			);
			inputPaths = (
			);
			name = "[CP] Embed Pods Frameworks";
			outputPaths = (
			);
			runOnlyForDeploymentPostprocessing = 0;
			shellPath = /bin/sh;
			shellScript = "\"${SRCROOT}/HappyGrading/Pods/Target Support Files/Pods-HappyGrading/Pods-HappyGrading-frameworks.sh\"\n";
			showEnvVarsInLog = 0;
		};
/* End PBXShellScriptBuildPhase section */

/* Begin PBXSourcesBuildPhase section */
		43053D301E824C8B00B00609 /* Sources */ = {
			isa = PBXSourcesBuildPhase;
			buildActionMask = 2147483647;
			files = (
				43053D3A1E824C8B00B00609 /* ViewController.swift in Sources */,
				43053D711E824F4600B00609 /* CourseManagementTableViewController.swift in Sources */,
				43053D7D1E824F8300B00609 /* DataAccess.swift in Sources */,
				43053D791E824F6900B00609 /* AddNewCourseViewController.swift in Sources */,
				43053DCC1E88BB1500B00609 /* AuthenticationViewController.swift in Sources */,
				43053D771E824F6000B00609 /* ExamTableViewController.swift in Sources */,
				43053D6A1E824E1300B00609 /* HappyGrading.xcdatamodeld in Sources */,
				43053D761E824F6000B00609 /* ExamTableViewCell.swift in Sources */,
				43053D721E824F4600B00609 /* EditCourseInfoViewController.swift in Sources */,
				43053D7C1E824F8300B00609 /* AlertForMissedRequiredField.swift in Sources */,
				43053D381E824C8B00B00609 /* AppDelegate.swift in Sources */,
				43053D701E824F4600B00609 /* CourseManagementTableViewCell.swift in Sources */,
			);
			runOnlyForDeploymentPostprocessing = 0;
		};
		43053D471E824C8C00B00609 /* Sources */ = {
			isa = PBXSourcesBuildPhase;
			buildActionMask = 2147483647;
			files = (
				43053D501E824C8C00B00609 /* HappyGradingTests.swift in Sources */,
			);
			runOnlyForDeploymentPostprocessing = 0;
		};
		43053D521E824C8C00B00609 /* Sources */ = {
			isa = PBXSourcesBuildPhase;
			buildActionMask = 2147483647;
			files = (
				43053D5B1E824C8C00B00609 /* HappyGradingUITests.swift in Sources */,
			);
			runOnlyForDeploymentPostprocessing = 0;
		};
/* End PBXSourcesBuildPhase section */

/* Begin PBXTargetDependency section */
		43053D4D1E824C8C00B00609 /* PBXTargetDependency */ = {
			isa = PBXTargetDependency;
			target = 43053D331E824C8B00B00609 /* HappyGrading */;
			targetProxy = 43053D4C1E824C8C00B00609 /* PBXContainerItemProxy */;
		};
		43053D581E824C8C00B00609 /* PBXTargetDependency */ = {
			isa = PBXTargetDependency;
			target = 43053D331E824C8B00B00609 /* HappyGrading */;
			targetProxy = 43053D571E824C8C00B00609 /* PBXContainerItemProxy */;
		};
/* End PBXTargetDependency section */

/* Begin PBXVariantGroup section */
		43053D3B1E824C8B00B00609 /* Main.storyboard */ = {
			isa = PBXVariantGroup;
			children = (
				43053D3C1E824C8B00B00609 /* Base */,
			);
			name = Main.storyboard;
			sourceTree = "<group>";
		};
		43053D7F1E8250AA00B00609 /* LaunchScreen.xib */ = {
			isa = PBXVariantGroup;
			children = (
				43053D801E8250AA00B00609 /* Base */,
			);
			name = LaunchScreen.xib;
			sourceTree = "<group>";
		};
/* End PBXVariantGroup section */

/* Begin XCBuildConfiguration section */
		43053D5D1E824C8C00B00609 /* Debug */ = {
			isa = XCBuildConfiguration;
			buildSettings = {
				ALWAYS_SEARCH_USER_PATHS = NO;
				CLANG_ANALYZER_NONNULL = YES;
				CLANG_CXX_LANGUAGE_STANDARD = "gnu++0x";
				CLANG_CXX_LIBRARY = "libc++";
				CLANG_ENABLE_MODULES = YES;
				CLANG_ENABLE_OBJC_ARC = YES;
				CLANG_WARN_BOOL_CONVERSION = YES;
				CLANG_WARN_CONSTANT_CONVERSION = YES;
				CLANG_WARN_DIRECT_OBJC_ISA_USAGE = YES_ERROR;
				CLANG_WARN_DOCUMENTATION_COMMENTS = YES;
				CLANG_WARN_EMPTY_BODY = YES;
				CLANG_WARN_ENUM_CONVERSION = YES;
				CLANG_WARN_INFINITE_RECURSION = YES;
				CLANG_WARN_INT_CONVERSION = YES;
				CLANG_WARN_OBJC_ROOT_CLASS = YES_ERROR;
				CLANG_WARN_SUSPICIOUS_MOVE = YES;
				CLANG_WARN_UNREACHABLE_CODE = YES;
				CLANG_WARN__DUPLICATE_METHOD_MATCH = YES;
				"CODE_SIGN_IDENTITY[sdk=iphoneos*]" = "iPhone Developer";
				COPY_PHASE_STRIP = NO;
				DEBUG_INFORMATION_FORMAT = dwarf;
				ENABLE_STRICT_OBJC_MSGSEND = YES;
				ENABLE_TESTABILITY = YES;
				GCC_C_LANGUAGE_STANDARD = gnu99;
				GCC_DYNAMIC_NO_PIC = NO;
				GCC_NO_COMMON_BLOCKS = YES;
				GCC_OPTIMIZATION_LEVEL = 0;
				GCC_PREPROCESSOR_DEFINITIONS = (
					"DEBUG=1",
					"$(inherited)",
				);
				GCC_WARN_64_TO_32_BIT_CONVERSION = YES;
				GCC_WARN_ABOUT_RETURN_TYPE = YES_ERROR;
				GCC_WARN_UNDECLARED_SELECTOR = YES;
				GCC_WARN_UNINITIALIZED_AUTOS = YES_AGGRESSIVE;
				GCC_WARN_UNUSED_FUNCTION = YES;
				GCC_WARN_UNUSED_VARIABLE = YES;
				IPHONEOS_DEPLOYMENT_TARGET = 10.2;
				MTL_ENABLE_DEBUG_INFO = YES;
				ONLY_ACTIVE_ARCH = YES;
				SDKROOT = iphoneos;
				SWIFT_ACTIVE_COMPILATION_CONDITIONS = DEBUG;
				SWIFT_OPTIMIZATION_LEVEL = "-Onone";
				TARGETED_DEVICE_FAMILY = "1,2";
			};
			name = Debug;
		};
		43053D5E1E824C8C00B00609 /* Release */ = {
			isa = XCBuildConfiguration;
			buildSettings = {
				ALWAYS_SEARCH_USER_PATHS = NO;
				CLANG_ANALYZER_NONNULL = YES;
				CLANG_CXX_LANGUAGE_STANDARD = "gnu++0x";
				CLANG_CXX_LIBRARY = "libc++";
				CLANG_ENABLE_MODULES = YES;
				CLANG_ENABLE_OBJC_ARC = YES;
				CLANG_WARN_BOOL_CONVERSION = YES;
				CLANG_WARN_CONSTANT_CONVERSION = YES;
				CLANG_WARN_DIRECT_OBJC_ISA_USAGE = YES_ERROR;
				CLANG_WARN_DOCUMENTATION_COMMENTS = YES;
				CLANG_WARN_EMPTY_BODY = YES;
				CLANG_WARN_ENUM_CONVERSION = YES;
				CLANG_WARN_INFINITE_RECURSION = YES;
				CLANG_WARN_INT_CONVERSION = YES;
				CLANG_WARN_OBJC_ROOT_CLASS = YES_ERROR;
				CLANG_WARN_SUSPICIOUS_MOVE = YES;
				CLANG_WARN_UNREACHABLE_CODE = YES;
				CLANG_WARN__DUPLICATE_METHOD_MATCH = YES;
				"CODE_SIGN_IDENTITY[sdk=iphoneos*]" = "iPhone Developer";
				COPY_PHASE_STRIP = NO;
				DEBUG_INFORMATION_FORMAT = "dwarf-with-dsym";
				ENABLE_NS_ASSERTIONS = NO;
				ENABLE_STRICT_OBJC_MSGSEND = YES;
				GCC_C_LANGUAGE_STANDARD = gnu99;
				GCC_NO_COMMON_BLOCKS = YES;
				GCC_WARN_64_TO_32_BIT_CONVERSION = YES;
				GCC_WARN_ABOUT_RETURN_TYPE = YES_ERROR;
				GCC_WARN_UNDECLARED_SELECTOR = YES;
				GCC_WARN_UNINITIALIZED_AUTOS = YES_AGGRESSIVE;
				GCC_WARN_UNUSED_FUNCTION = YES;
				GCC_WARN_UNUSED_VARIABLE = YES;
				IPHONEOS_DEPLOYMENT_TARGET = 10.2;
				MTL_ENABLE_DEBUG_INFO = NO;
				SDKROOT = iphoneos;
				SWIFT_OPTIMIZATION_LEVEL = "-Owholemodule";
				TARGETED_DEVICE_FAMILY = "1,2";
				VALIDATE_PRODUCT = YES;
			};
			name = Release;
		};
		43053D601E824C8C00B00609 /* Debug */ = {
			isa = XCBuildConfiguration;
			baseConfigurationReference = 361FC851B489DDEEF00FD5B1 /* Pods-HappyGrading.debug.xcconfig */;
			buildSettings = {
				ASSETCATALOG_COMPILER_APPICON_NAME = AppIcon;
				CODE_SIGN_ENTITLEMENTS = HappyGrading/HappyGrading.entitlements;
				DEVELOPMENT_TEAM = K8L7MET4L6;
				INFOPLIST_FILE = HappyGrading/Info.plist;
				LD_RUNPATH_SEARCH_PATHS = "$(inherited) @executable_path/Frameworks";
				PRODUCT_BUNDLE_IDENTIFIER = enclave.bc10.iosteam.HappyGrading;
				PRODUCT_NAME = "$(TARGET_NAME)";
				SWIFT_VERSION = 3.0;
			};
			name = Debug;
		};
		43053D611E824C8C00B00609 /* Release */ = {
			isa = XCBuildConfiguration;
			baseConfigurationReference = 6EDCE8C57D6896A5DA5F74AE /* Pods-HappyGrading.release.xcconfig */;
			buildSettings = {
				ASSETCATALOG_COMPILER_APPICON_NAME = AppIcon;
				CODE_SIGN_ENTITLEMENTS = HappyGrading/HappyGrading.entitlements;
				DEVELOPMENT_TEAM = K8L7MET4L6;
				INFOPLIST_FILE = HappyGrading/Info.plist;
				LD_RUNPATH_SEARCH_PATHS = "$(inherited) @executable_path/Frameworks";
				PRODUCT_BUNDLE_IDENTIFIER = enclave.bc10.iosteam.HappyGrading;
				PRODUCT_NAME = "$(TARGET_NAME)";
				SWIFT_VERSION = 3.0;
			};
			name = Release;
		};
		43053D631E824C8C00B00609 /* Debug */ = {
			isa = XCBuildConfiguration;
			buildSettings = {
				ALWAYS_EMBED_SWIFT_STANDARD_LIBRARIES = YES;
				BUNDLE_LOADER = "$(TEST_HOST)";
				DEVELOPMENT_TEAM = K8L7MET4L6;
				INFOPLIST_FILE = HappyGradingTests/Info.plist;
				LD_RUNPATH_SEARCH_PATHS = "$(inherited) @executable_path/Frameworks @loader_path/Frameworks";
				PRODUCT_BUNDLE_IDENTIFIER = enclave.bc10.iosteam.HappyGradingTests;
				PRODUCT_NAME = "$(TARGET_NAME)";
				SWIFT_VERSION = 3.0;
				TEST_HOST = "$(BUILT_PRODUCTS_DIR)/HappyGrading.app/HappyGrading";
			};
			name = Debug;
		};
		43053D641E824C8C00B00609 /* Release */ = {
			isa = XCBuildConfiguration;
			buildSettings = {
				ALWAYS_EMBED_SWIFT_STANDARD_LIBRARIES = YES;
				BUNDLE_LOADER = "$(TEST_HOST)";
				DEVELOPMENT_TEAM = K8L7MET4L6;
				INFOPLIST_FILE = HappyGradingTests/Info.plist;
				LD_RUNPATH_SEARCH_PATHS = "$(inherited) @executable_path/Frameworks @loader_path/Frameworks";
				PRODUCT_BUNDLE_IDENTIFIER = enclave.bc10.iosteam.HappyGradingTests;
				PRODUCT_NAME = "$(TARGET_NAME)";
				SWIFT_VERSION = 3.0;
				TEST_HOST = "$(BUILT_PRODUCTS_DIR)/HappyGrading.app/HappyGrading";
			};
			name = Release;
		};
		43053D661E824C8C00B00609 /* Debug */ = {
			isa = XCBuildConfiguration;
			buildSettings = {
				ALWAYS_EMBED_SWIFT_STANDARD_LIBRARIES = YES;
				DEVELOPMENT_TEAM = K8L7MET4L6;
				INFOPLIST_FILE = HappyGradingUITests/Info.plist;
				LD_RUNPATH_SEARCH_PATHS = "$(inherited) @executable_path/Frameworks @loader_path/Frameworks";
				PRODUCT_BUNDLE_IDENTIFIER = enclave.bc10.iosteam.HappyGradingUITests;
				PRODUCT_NAME = "$(TARGET_NAME)";
				SWIFT_VERSION = 3.0;
				TEST_TARGET_NAME = HappyGrading;
			};
			name = Debug;
		};
		43053D671E824C8C00B00609 /* Release */ = {
			isa = XCBuildConfiguration;
			buildSettings = {
				ALWAYS_EMBED_SWIFT_STANDARD_LIBRARIES = YES;
				DEVELOPMENT_TEAM = K8L7MET4L6;
				INFOPLIST_FILE = HappyGradingUITests/Info.plist;
				LD_RUNPATH_SEARCH_PATHS = "$(inherited) @executable_path/Frameworks @loader_path/Frameworks";
				PRODUCT_BUNDLE_IDENTIFIER = enclave.bc10.iosteam.HappyGradingUITests;
				PRODUCT_NAME = "$(TARGET_NAME)";
				SWIFT_VERSION = 3.0;
				TEST_TARGET_NAME = HappyGrading;
			};
			name = Release;
		};
/* End XCBuildConfiguration section */

/* Begin XCConfigurationList section */
		43053D2F1E824C8B00B00609 /* Build configuration list for PBXProject "HappyGrading" */ = {
			isa = XCConfigurationList;
			buildConfigurations = (
				43053D5D1E824C8C00B00609 /* Debug */,
				43053D5E1E824C8C00B00609 /* Release */,
			);
			defaultConfigurationIsVisible = 0;
			defaultConfigurationName = Release;
		};
		43053D5F1E824C8C00B00609 /* Build configuration list for PBXNativeTarget "HappyGrading" */ = {
			isa = XCConfigurationList;
			buildConfigurations = (
				43053D601E824C8C00B00609 /* Debug */,
				43053D611E824C8C00B00609 /* Release */,
			);
			defaultConfigurationIsVisible = 0;
			defaultConfigurationName = Release;
		};
		43053D621E824C8C00B00609 /* Build configuration list for PBXNativeTarget "HappyGradingTests" */ = {
			isa = XCConfigurationList;
			buildConfigurations = (
				43053D631E824C8C00B00609 /* Debug */,
				43053D641E824C8C00B00609 /* Release */,
			);
			defaultConfigurationIsVisible = 0;
			defaultConfigurationName = Release;
		};
		43053D651E824C8C00B00609 /* Build configuration list for PBXNativeTarget "HappyGradingUITests" */ = {
			isa = XCConfigurationList;
			buildConfigurations = (
				43053D661E824C8C00B00609 /* Debug */,
				43053D671E824C8C00B00609 /* Release */,
			);
			defaultConfigurationIsVisible = 0;
			defaultConfigurationName = Release;
		};
/* End XCConfigurationList section */

/* Begin XCVersionGroup section */
		43053D681E824E1300B00609 /* HappyGrading.xcdatamodeld */ = {
			isa = XCVersionGroup;
			children = (
				43053D691E824E1300B00609 /* model.xcdatamodel */,
			);
			currentVersion = 43053D691E824E1300B00609 /* model.xcdatamodel */;
			path = HappyGrading.xcdatamodeld;
			sourceTree = "<group>";
			versionGroupType = wrapper.xcdatamodel;
		};
/* End XCVersionGroup section */
	};
	rootObject = 43053D2C1E824C8B00B00609 /* Project object */;
}
